
Microsoft Visual Studio Solution File, Format Version 12.00
# Visual Studio Version 17
VisualStudioVersion = 17.14.36717.8 d17.14
MinimumVisualStudioVersion = 10.0.40219.1
Project("{8BC9CEB8-8B4A-11D0-8D11-00A0C91BC942}") = "LAB08", "LAB08.vcxproj", "{DF92ACB3-F30C-4521-B32E-F0ABF9D77CA3}"
EndProject
Project("{8BC9CEB8-8B4A-11D0-8D11-00A0C91BC942}") = "LAB0801", "..\LAB0801\LAB0801.vcxproj", "{EDC38C67-AF18-414B-A69E-C6525A7DD76F}"
EndProject
Project("{8BC9CEB8-8B4A-11D0-8D11-00A0C91BC942}") = "LAB0802", "..\LAB0802\LAB0802.vcxproj", "{C5EBB73D-881D-40D6-A8B9-740A3E2FC4BD}"
EndProject
Project("{8BC9CEB8-8B4A-11D0-8D11-00A0C91BC942}") = "LAB0803", "..\LAB0803\LAB0803.vcxproj", "{656B410A-569D-4C37-A3FA-404E2919F39D}"
EndProject
Project("{8BC9CEB8-8B4A-11D0-8D11-00A0C91BC942}") = "LAB0804", "..\LAB0804\LAB0804.vcxproj", "{A76DDC18-3B37-42FC-BF9E-661FEBF51534}"
EndProject
Project("{8BC9CEB8-8B4A-11D0-8D11-00A0C91BC942}") = "LAB0805", "..\LAB0805\LAB0805.vcxproj", "{350B773D-BD35-4EA6-830B-D4C5D58E2E68}"
EndProject
Project("{8BC9CEB8-8B4A-11D0-8D11-00A0C91BC942}") = "LAB0806", "..\LAB0806\LAB0806.vcxproj", "{6993AFCA-B284-4FB7-BF24-B589176DB3B3}"
EndProject
Project("{8BC9CEB8-8B4A-11D0-8D11-00A0C91BC942}") = "LAB0807", "..\LAB0807\LAB0807.vcxproj", "{A50A3E79-F33B-4B83-B87D-9224C15090CB}"
EndProject
Global
	GlobalSection(SolutionConfigurationPlatforms) = preSolution
		Debug|x64 = Debug|x64
		Debug|x86 = Debug|x86
		Release|x64 = Release|x64
		Release|x86 = Release|x86
	EndGlobalSection
	GlobalSection(ProjectConfigurationPlatforms) = postSolution
		{DF92ACB3-F30C-4521-B32E-F0ABF9D77CA3}.Debug|x64.ActiveCfg = Debug|x64
		{DF92ACB3-F30C-4521-B32E-F0ABF9D77CA3}.Debug|x64.Build.0 = Debug|x64
		{DF92ACB3-F30C-4521-B32E-F0ABF9D77CA3}.Debug|x86.ActiveCfg = Debug|Win32
		{DF92ACB3-F30C-4521-B32E-F0ABF9D77CA3}.Debug|x86.Build.0 = Debug|Win32
		{DF92ACB3-F30C-4521-B32E-F0ABF9D77CA3}.Release|x64.ActiveCfg = Release|x64
		{DF92ACB3-F30C-4521-B32E-F0ABF9D77CA3}.Release|x64.Build.0 = Release|x64
		{DF92ACB3-F30C-4521-B32E-F0ABF9D77CA3}.Release|x86.ActiveCfg = Release|Win32
		{DF92ACB3-F30C-4521-B32E-F0ABF9D77CA3}.Release|x86.Build.0 = Release|Win32
		{EDC38C67-AF18-414B-A69E-C6525A7DD76F}.Debug|x64.ActiveCfg = Debug|x64
		{EDC38C67-AF18-414B-A69E-C6525A7DD76F}.Debug|x64.Build.0 = Debug|x64
		{EDC38C67-AF18-414B-A69E-C6525A7DD76F}.Debug|x86.ActiveCfg = Debug|Win32
		{EDC38C67-AF18-414B-A69E-C6525A7DD76F}.Debug|x86.Build.0 = Debug|Win32
		{EDC38C67-AF18-414B-A69E-C6525A7DD76F}.Release|x64.ActiveCfg = Release|x64
		{EDC38C67-AF18-414B-A69E-C6525A7DD76F}.Release|x64.Build.0 = Release|x64
		{EDC38C67-AF18-414B-A69E-C6525A7DD76F}.Release|x86.ActiveCfg = Release|Win32
		{EDC38C67-AF18-414B-A69E-C6525A7DD76F}.Release|x86.Build.0 = Release|Win32
		{C5EBB73D-881D-40D6-A8B9-740A3E2FC4BD}.Debug|x64.ActiveCfg = Debug|x64
		{C5EBB73D-881D-40D6-A8B9-740A3E2FC4BD}.Debug|x64.Build.0 = Debug|x64
		{C5EBB73D-881D-40D6-A8B9-740A3E2FC4BD}.Debug|x86.ActiveCfg = Debug|Win32
		{C5EBB73D-881D-40D6-A8B9-740A3E2FC4BD}.Debug|x86.Build.0 = Debug|Win32
		{C5EBB73D-881D-40D6-A8B9-740A3E2FC4BD}.Release|x64.ActiveCfg = Release|x64
		{C5EBB73D-881D-40D6-A8B9-740A3E2FC4BD}.Release|x64.Build.0 = Release|x64
		{C5EBB73D-881D-40D6-A8B9-740A3E2FC4BD}.Release|x86.ActiveCfg = Release|Win32
		{C5EBB73D-881D-40D6-A8B9-740A3E2FC4BD}.Release|x86.Build.0 = Release|Win32
		{656B410A-569D-4C37-A3FA-404E2919F39D}.Debug|x64.ActiveCfg = Debug|x64
		{656B410A-569D-4C37-A3FA-404E2919F39D}.Debug|x64.Build.0 = Debug|x64
		{656B410A-569D-4C37-A3FA-404E2919F39D}.Debug|x86.ActiveCfg = Debug|Win32
		{656B410A-569D-4C37-A3FA-404E2919F39D}.Debug|x86.Build.0 = Debug|Win32
		{656B410A-569D-4C37-A3FA-404E2919F39D}.Release|x64.ActiveCfg = Release|x64
		{656B410A-569D-4C37-A3FA-404E2919F39D}.Release|x64.Build.0 = Release|x64
		{656B410A-569D-4C37-A3FA-404E2919F39D}.Release|x86.ActiveCfg = Release|Win32
		{656B410A-569D-4C37-A3FA-404E2919F39D}.Release|x86.Build.0 = Release|Win32
		{A76DDC18-3B37-42FC-BF9E-661FEBF51534}.Debug|x64.ActiveCfg = Debug|x64
		{A76DDC18-3B37-42FC-BF9E-661FEBF51534}.Debug|x64.Build.0 = Debug|x64
		{A76DDC18-3B37-42FC-BF9E-661FEBF51534}.Debug|x86.ActiveCfg = Debug|Win32
		{A76DDC18-3B37-42FC-BF9E-661FEBF51534}.Debug|x86.Build.0 = Debug|Win32
		{A76DDC18-3B37-42FC-BF9E-661FEBF51534}.Release|x64.ActiveCfg = Release|x64
		{A76DDC18-3B37-42FC-BF9E-661FEBF51534}.Release|x64.Build.0 = Release|x64
		{A76DDC18-3B37-42FC-BF9E-661FEBF51534}.Release|x86.ActiveCfg = Release|Win32
		{A76DDC18-3B37-42FC-BF9E-661FEBF51534}.Release|x86.Build.0 = Release|Win32
		{350B773D-BD35-4EA6-830B-D4C5D58E2E68}.Debug|x64.ActiveCfg = Debug|x64
		{350B773D-BD35-4EA6-830B-D4C5D58E2E68}.Debug|x64.Build.0 = Debug|x64
		{350B773D-BD35-4EA6-830B-D4C5D58E2E68}.Debug|x86.ActiveCfg = Debug|Win32
		{350B773D-BD35-4EA6-830B-D4C5D58E2E68}.Debug|x86.Build.0 = Debug|Win32
		{350B773D-BD35-4EA6-830B-D4C5D58E2E68}.Release|x64.ActiveCfg = Release|x64
		{350B773D-BD35-4EA6-830B-D4C5D58E2E68}.Release|x64.Build.0 = Release|x64
		{350B773D-BD35-4EA6-830B-D4C5D58E2E68}.Release|x86.ActiveCfg = Release|Win32
		{350B773D-BD35-4EA6-830B-D4C5D58E2E68}.Release|x86.Build.0 = Release|Win32
		{6993AFCA-B284-4FB7-BF24-B589176DB3B3}.Debug|x64.ActiveCfg = Debug|x64
		{6993AFCA-B284-4FB7-BF24-B589176DB3B3}.Debug|x64.Build.0 = Debug|x64
		{6993AFCA-B284-4FB7-BF24-B589176DB3B3}.Debug|x86.ActiveCfg = Debug|Win32
		{6993AFCA-B284-4FB7-BF24-B589176DB3B3}.Debug|x86.Build.0 = Debug|Win32
		{6993AFCA-B284-4FB7-BF24-B589176DB3B3}.Release|x64.ActiveCfg = Release|x64
		{6993AFCA-B284-4FB7-BF24-B589176DB3B3}.Release|x64.Build.0 = Release|x64
		{6993AFCA-B284-4FB7-BF24-B589176DB3B3}.Release|x86.ActiveCfg = Release|Win32
		{6993AFCA-B284-4FB7-BF24-B589176DB3B3}.Release|x86.Build.0 = Release|Win32
		{A50A3E79-F33B-4B83-B87D-9224C15090CB}.Debug|x64.ActiveCfg = Debug|x64
		{A50A3E79-F33B-4B83-B87D-9224C15090CB}.Debug|x64.Build.0 = Debug|x64
		{A50A3E79-F33B-4B83-B87D-9224C15090CB}.Debug|x86.ActiveCfg = Debug|Win32
		{A50A3E79-F33B-4B83-B87D-9224C15090CB}.Debug|x86.Build.0 = Debug|Win32
		{A50A3E79-F33B-4B83-B87D-9224C15090CB}.Release|x64.ActiveCfg = Release|x64
		{A50A3E79-F33B-4B83-B87D-9224C15090CB}.Release|x64.Build.0 = Release|x64
		{A50A3E79-F33B-4B83-B87D-9224C15090CB}.Release|x86.ActiveCfg = Release|Win32
		{A50A3E79-F33B-4B83-B87D-9224C15090CB}.Release|x86.Build.0 = Release|Win32
	EndGlobalSection
	GlobalSection(SolutionProperties) = preSolution
		HideSolutionNode = FALSE
	EndGlobalSection
	GlobalSection(ExtensibilityGlobals) = postSolution
		SolutionGuid = {A2DCD0A1-3D05-46BE-B9FB-671347CBCB1F}
	EndGlobalSection
EndGlobal
