
Microsoft Visual Studio Solution File, Format Version 12.00
# Visual Studio Version 17
VisualStudioVersion = 17.14.36717.8 d17.14
MinimumVisualStudioVersion = 10.0.40219.1
Project("{8BC9CEB8-8B4A-11D0-8D11-00A0C91BC942}") = "LAB09", "LAB09.vcxproj", "{12405A53-37AD-4AB5-85E7-C947314FD09C}"
EndProject
Project("{8BC9CEB8-8B4A-11D0-8D11-00A0C91BC942}") = "LAB0901", "..\LAB0901\LAB0901.vcxproj", "{B0E85DBA-0685-4442-89D8-BDF3A64E94B3}"
EndProject
Project("{8BC9CEB8-8B4A-11D0-8D11-00A0C91BC942}") = "LAB0902", "..\LAB0902\LAB0902.vcxproj", "{72AE75F6-78AB-4702-B786-1AD6F76E17B3}"
EndProject
Project("{8BC9CEB8-8B4A-11D0-8D11-00A0C91BC942}") = "LAB0903", "..\LAB0903\LAB0903.vcxproj", "{3C3CFF6C-9C4D-46FF-9C14-627943F121F6}"
EndProject
Project("{8BC9CEB8-8B4A-11D0-8D11-00A0C91BC942}") = "LAB0904", "..\LAB0904\LAB0904.vcxproj", "{E256BDAD-16F4-4CF7-8276-701C631AB2D0}"
EndProject
Project("{8BC9CEB8-8B4A-11D0-8D11-00A0C91BC942}") = "LAB0905", "..\LAB0905\LAB0905.vcxproj", "{82DDED72-BC9D-45EC-A421-9DBD56779E79}"
EndProject
Project("{8BC9CEB8-8B4A-11D0-8D11-00A0C91BC942}") = "LAB0906", "..\LAB0906\LAB0906.vcxproj", "{4D1376A9-B48C-4ED2-A7D8-023328F8CA6D}"
EndProject
Global
	GlobalSection(SolutionConfigurationPlatforms) = preSolution
		Debug|x64 = Debug|x64
		Debug|x86 = Debug|x86
		Release|x64 = Release|x64
		Release|x86 = Release|x86
	EndGlobalSection
	GlobalSection(ProjectConfigurationPlatforms) = postSolution
		{12405A53-37AD-4AB5-85E7-C947314FD09C}.Debug|x64.ActiveCfg = Debug|x64
		{12405A53-37AD-4AB5-85E7-C947314FD09C}.Debug|x64.Build.0 = Debug|x64
		{12405A53-37AD-4AB5-85E7-C947314FD09C}.Debug|x86.ActiveCfg = Debug|Win32
		{12405A53-37AD-4AB5-85E7-C947314FD09C}.Debug|x86.Build.0 = Debug|Win32
		{12405A53-37AD-4AB5-85E7-C947314FD09C}.Release|x64.ActiveCfg = Release|x64
		{12405A53-37AD-4AB5-85E7-C947314FD09C}.Release|x64.Build.0 = Release|x64
		{12405A53-37AD-4AB5-85E7-C947314FD09C}.Release|x86.ActiveCfg = Release|Win32
		{12405A53-37AD-4AB5-85E7-C947314FD09C}.Release|x86.Build.0 = Release|Win32
		{B0E85DBA-0685-4442-89D8-BDF3A64E94B3}.Debug|x64.ActiveCfg = Debug|x64
		{B0E85DBA-0685-4442-89D8-BDF3A64E94B3}.Debug|x64.Build.0 = Debug|x64
		{B0E85DBA-0685-4442-89D8-BDF3A64E94B3}.Debug|x86.ActiveCfg = Debug|Win32
		{B0E85DBA-0685-4442-89D8-BDF3A64E94B3}.Debug|x86.Build.0 = Debug|Win32
		{B0E85DBA-0685-4442-89D8-BDF3A64E94B3}.Release|x64.ActiveCfg = Release|x64
		{B0E85DBA-0685-4442-89D8-BDF3A64E94B3}.Release|x64.Build.0 = Release|x64
		{B0E85DBA-0685-4442-89D8-BDF3A64E94B3}.Release|x86.ActiveCfg = Release|Win32
		{B0E85DBA-0685-4442-89D8-BDF3A64E94B3}.Release|x86.Build.0 = Release|Win32
		{72AE75F6-78AB-4702-B786-1AD6F76E17B3}.Debug|x64.ActiveCfg = Debug|x64
		{72AE75F6-78AB-4702-B786-1AD6F76E17B3}.Debug|x64.Build.0 = Debug|x64
		{72AE75F6-78AB-4702-B786-1AD6F76E17B3}.Debug|x86.ActiveCfg = Debug|Win32
		{72AE75F6-78AB-4702-B786-1AD6F76E17B3}.Debug|x86.Build.0 = Debug|Win32
		{72AE75F6-78AB-4702-B786-1AD6F76E17B3}.Release|x64.ActiveCfg = Release|x64
		{72AE75F6-78AB-4702-B786-1AD6F76E17B3}.Release|x64.Build.0 = Release|x64
		{72AE75F6-78AB-4702-B786-1AD6F76E17B3}.Release|x86.ActiveCfg = Release|Win32
		{72AE75F6-78AB-4702-B786-1AD6F76E17B3}.Release|x86.Build.0 = Release|Win32
		{3C3CFF6C-9C4D-46FF-9C14-627943F121F6}.Debug|x64.ActiveCfg = Debug|x64
		{3C3CFF6C-9C4D-46FF-9C14-627943F121F6}.Debug|x64.Build.0 = Debug|x64
		{3C3CFF6C-9C4D-46FF-9C14-627943F121F6}.Debug|x86.ActiveCfg = Debug|Win32
		{3C3CFF6C-9C4D-46FF-9C14-627943F121F6}.Debug|x86.Build.0 = Debug|Win32
		{3C3CFF6C-9C4D-46FF-9C14-627943F121F6}.Release|x64.ActiveCfg = Release|x64
		{3C3CFF6C-9C4D-46FF-9C14-627943F121F6}.Release|x64.Build.0 = Release|x64
		{3C3CFF6C-9C4D-46FF-9C14-627943F121F6}.Release|x86.ActiveCfg = Release|Win32
		{3C3CFF6C-9C4D-46FF-9C14-627943F121F6}.Release|x86.Build.0 = Release|Win32
		{E256BDAD-16F4-4CF7-8276-701C631AB2D0}.Debug|x64.ActiveCfg = Debug|x64
		{E256BDAD-16F4-4CF7-8276-701C631AB2D0}.Debug|x64.Build.0 = Debug|x64
		{E256BDAD-16F4-4CF7-8276-701C631AB2D0}.Debug|x86.ActiveCfg = Debug|Win32
		{E256BDAD-16F4-4CF7-8276-701C631AB2D0}.Debug|x86.Build.0 = Debug|Win32
		{E256BDAD-16F4-4CF7-8276-701C631AB2D0}.Release|x64.ActiveCfg = Release|x64
		{E256BDAD-16F4-4CF7-8276-701C631AB2D0}.Release|x64.Build.0 = Release|x64
		{E256BDAD-16F4-4CF7-8276-701C631AB2D0}.Release|x86.ActiveCfg = Release|Win32
		{E256BDAD-16F4-4CF7-8276-701C631AB2D0}.Release|x86.Build.0 = Release|Win32
		{82DDED72-BC9D-45EC-A421-9DBD56779E79}.Debug|x64.ActiveCfg = Debug|x64
		{82DDED72-BC9D-45EC-A421-9DBD56779E79}.Debug|x64.Build.0 = Debug|x64
		{82DDED72-BC9D-45EC-A421-9DBD56779E79}.Debug|x86.ActiveCfg = Debug|Win32
		{82DDED72-BC9D-45EC-A421-9DBD56779E79}.Debug|x86.Build.0 = Debug|Win32
		{82DDED72-BC9D-45EC-A421-9DBD56779E79}.Release|x64.ActiveCfg = Release|x64
		{82DDED72-BC9D-45EC-A421-9DBD56779E79}.Release|x64.Build.0 = Release|x64
		{82DDED72-BC9D-45EC-A421-9DBD56779E79}.Release|x86.ActiveCfg = Release|Win32
		{82DDED72-BC9D-45EC-A421-9DBD56779E79}.Release|x86.Build.0 = Release|Win32
		{4D1376A9-B48C-4ED2-A7D8-023328F8CA6D}.Debug|x64.ActiveCfg = Debug|x64
		{4D1376A9-B48C-4ED2-A7D8-023328F8CA6D}.Debug|x64.Build.0 = Debug|x64
		{4D1376A9-B48C-4ED2-A7D8-023328F8CA6D}.Debug|x86.ActiveCfg = Debug|Win32
		{4D1376A9-B48C-4ED2-A7D8-023328F8CA6D}.Debug|x86.Build.0 = Debug|Win32
		{4D1376A9-B48C-4ED2-A7D8-023328F8CA6D}.Release|x64.ActiveCfg = Release|x64
		{4D1376A9-B48C-4ED2-A7D8-023328F8CA6D}.Release|x64.Build.0 = Release|x64
		{4D1376A9-B48C-4ED2-A7D8-023328F8CA6D}.Release|x86.ActiveCfg = Release|Win32
		{4D1376A9-B48C-4ED2-A7D8-023328F8CA6D}.Release|x86.Build.0 = Release|Win32
	EndGlobalSection
	GlobalSection(SolutionProperties) = preSolution
		HideSolutionNode = FALSE
	EndGlobalSection
	GlobalSection(ExtensibilityGlobals) = postSolution
		SolutionGuid = {1E32B5F9-7E9E-465E-A601-1C6AEA4584B2}
	EndGlobalSection
EndGlobal
